
Microsoft Visual Studio Solution File, Format Version 12.00
# Visual Studio Version 17
VisualStudioVersion = 17.5.33516.290
MinimumVisualStudioVersion = 10.0.40219.1
Project("{FAE04EC0-301F-11D3-BF4B-00C04F79EFBC}") = "MyCoreWebApp", "MyCoreWebApp\MyCoreWebApp.csproj", "{A065770D-724B-4FB9-843F-BF350CDFB611}"
EndProject
Global
	GlobalSection(SolutionConfigurationPlatforms) = preSolution
		Debug|Any CPU = Debug|Any CPU
		Release|Any CPU = Release|Any CPU
	EndGlobalSection
	GlobalSection(ProjectConfigurationPlatforms) = postSolution
		{A065770D-724B-4FB9-843F-BF350CDFB611}.Debug|Any CPU.ActiveCfg = Debug|Any CPU
		{A065770D-724B-4FB9-843F-BF350CDFB611}.Debug|Any CPU.Build.0 = Debug|Any CPU
		{A065770D-724B-4FB9-843F-BF350CDFB611}.Release|Any CPU.ActiveCfg = Release|Any CPU
		{A065770D-724B-4FB9-843F-BF350CDFB611}.Release|Any CPU.Build.0 = Release|Any CPU
	EndGlobalSection
	GlobalSection(SolutionProperties) = preSolution
		HideSolutionNode = FALSE
	EndGlobalSection
	GlobalSection(ExtensibilityGlobals) = postSolution
		SolutionGuid = {AB121E29-FAD9-4988-AAC4-8E24DE3CE1DD}
	EndGlobalSection
EndGlobal
